
Microsoft Visual Studio Solution File, Format Version 12.00
# Visual Studio Version 16
VisualStudioVersion = 16.0.31129.286
MinimumVisualStudioVersion = 10.0.40219.1
Project("{FAE04EC0-301F-11D3-BF4B-00C04F79EFBC}") = "OCRReading", "OCRReading\OCRReading.csproj", "{1932C20E-F1FA-4C50-83E1-B38FA7C432E5}"
EndProject
Global
	GlobalSection(SolutionConfigurationPlatforms) = preSolution
		Debug|Any CPU = Debug|Any CPU
		Release|Any CPU = Release|Any CPU
	EndGlobalSection
	GlobalSection(ProjectConfigurationPlatforms) = postSolution
		{1932C20E-F1FA-4C50-83E1-B38FA7C432E5}.Debug|Any CPU.ActiveCfg = Debug|Any CPU
		{1932C20E-F1FA-4C50-83E1-B38FA7C432E5}.Debug|Any CPU.Build.0 = Debug|Any CPU
		{1932C20E-F1FA-4C50-83E1-B38FA7C432E5}.Debug|Any CPU.Deploy.0 = Debug|Any CPU
		{1932C20E-F1FA-4C50-83E1-B38FA7C432E5}.Release|Any CPU.ActiveCfg = Release|Any CPU
		{1932C20E-F1FA-4C50-83E1-B38FA7C432E5}.Release|Any CPU.Build.0 = Release|Any CPU
		{1932C20E-F1FA-4C50-83E1-B38FA7C432E5}.Release|Any CPU.Deploy.0 = Release|Any CPU
	EndGlobalSection
	GlobalSection(SolutionProperties) = preSolution
		HideSolutionNode = FALSE
	EndGlobalSection
	GlobalSection(ExtensibilityGlobals) = postSolution
		SolutionGuid = {922B84F8-4057-4C14-A1D6-389B7D0ABADD}
	EndGlobalSection
EndGlobal
